
Microsoft Visual Studio Solution File, Format Version 12.00
# Visual Studio 15
VisualStudioVersion = 15.0.27703.2042
MinimumVisualStudioVersion = 10.0.40219.1
Project("{FAE04EC0-301F-11D3-BF4B-00C04F79EFBC}") = "TokenBasedOAuthPOC", "TokenBasedOAuthPOC\TokenBasedOAuthPOC.csproj", "{8A3724CC-4A51-4C3D-B877-8BC5D1AFDC23}"
EndProject
Global
	GlobalSection(SolutionConfigurationPlatforms) = preSolution
		Debug|Any CPU = Debug|Any CPU
		Release|Any CPU = Release|Any CPU
	EndGlobalSection
	GlobalSection(ProjectConfigurationPlatforms) = postSolution
		{8A3724CC-4A51-4C3D-B877-8BC5D1AFDC23}.Debug|Any CPU.ActiveCfg = Debug|Any CPU
		{8A3724CC-4A51-4C3D-B877-8BC5D1AFDC23}.Debug|Any CPU.Build.0 = Debug|Any CPU
		{8A3724CC-4A51-4C3D-B877-8BC5D1AFDC23}.Release|Any CPU.ActiveCfg = Release|Any CPU
		{8A3724CC-4A51-4C3D-B877-8BC5D1AFDC23}.Release|Any CPU.Build.0 = Release|Any CPU
	EndGlobalSection
	GlobalSection(SolutionProperties) = preSolution
		HideSolutionNode = FALSE
	EndGlobalSection
	GlobalSection(ExtensibilityGlobals) = postSolution
		SolutionGuid = {4D6AE613-A7E1-4B76-BD02-D4C122778936}
	EndGlobalSection
EndGlobal
